<?xml version="1.0" encoding="utf-8"?>
<Project ToolsVersion="4.0" xmlns="http://schemas.microsoft.com/developer/msbuild/2003">
  <ItemGroup>
    <Filter Include="Header Files">
      <UniqueIdentifier>{93995380-89BD-4b04-88EB-625FBE52EBFB}</UniqueIdentifier>
      <Extensions>h;hpp;hxx;hm;inl;inc;xsd</Extensions>
    </Filter>
    <Filter Include="ecCPU">
      <UniqueIdentifier>{a203f070-e2d2-4f13-80e5-1f79d40e95fa}</UniqueIdentifier>
    </Filter>
    <Filter Include="ecRAM">
      <UniqueIdentifier>{a718254e-c296-42ca-ac8a-841589961502}</UniqueIdentifier>
    </Filter>
    <Filter Include="ecGPU">
      <UniqueIdentifier>{b4080ff4-80f6-40ee-afb5-ebf83717ece3}</UniqueIdentifier>
    </Filter>
  </ItemGroup>
  <ItemGroup>
    <ClInclude Include="stdafx.h">
      <Filter>Header Files</Filter>
    </ClInclude>
    <ClInclude Include="targetver.h">
      <Filter>Header Files</Filter>
    </ClInclude>
    <ClInclude Include="EightChipCPU.h">
      <Filter>ecCPU</Filter>
    </ClInclude>
  </ItemGroup>
  <ItemGroup>
    <ClCompile Include="EightChipCPU.cpp">
      <Filter>ecCPU</Filter>
    </ClCompile>
    <ClCompile Include="main.cpp">
      <Filter>ecGPU</Filter>
    </ClCompile>
    <ClCompile Include="stdafx.cpp">
      <Filter>Header Files</Filter>
    </ClCompile>
  </ItemGroup>
</Project>