<?xml version="1.0" encoding="utf-8"?>
<Project ToolsVersion="4.0" xmlns="http://schemas.microsoft.com/developer/msbuild/2003">
  <ItemGroup>
    <Filter Include="Header Files">
      <UniqueIdentifier>{93995380-89BD-4b04-88EB-625FBE52EBFB}</UniqueIdentifier>
      <Extensions>h;hpp;hxx;hm;inl;inc;xsd</Extensions>
    </Filter>
    <Filter Include="ecCPU">
      <UniqueIdentifier>{a203f070-e2d2-4f13-80e5-1f79d40e95fa}</UniqueIdentifier>
    </Filter>
    <Filter Include="ecApp">
      <UniqueIdentifier>{681fa8df-b939-4797-9ee2-053cb8e99d75}</UniqueIdentifier>
    </Filter>
    <Filter Include="ecUtility">
      <UniqueIdentifier>{594c2122-ee12-4598-852d-8c85d028d096}</UniqueIdentifier>
    </Filter>
  </ItemGroup>
  <ItemGroup>
    <ClInclude Include="stdafx.h">
      <Filter>Header Files</Filter>
    </ClInclude>
    <ClInclude Include="targetver.h">
      <Filter>Header Files</Filter>
    </ClInclude>
    <ClInclude Include="ECApp.h">
      <Filter>ecApp</Filter>
    </ClInclude>
    <ClInclude Include="ECCpu.h">
      <Filter>ecCPU</Filter>
    </ClInclude>
    <ClInclude Include="ECCpu_Defs.h">
      <Filter>ecUtility</Filter>
    </ClInclude>
  </ItemGroup>
  <ItemGroup>
    <ClCompile Include="stdafx.cpp">
      <Filter>Header Files</Filter>
    </ClCompile>
    <ClCompile Include="ECApp_OnInit.cpp">
      <Filter>ecApp</Filter>
    </ClCompile>
    <ClCompile Include="ECApp_OnCleanup.cpp">
      <Filter>ecApp</Filter>
    </ClCompile>
    <ClCompile Include="ECApp_OnLoop.cpp">
      <Filter>ecApp</Filter>
    </ClCompile>
    <ClCompile Include="ECApp.cpp">
      <Filter>ecApp</Filter>
    </ClCompile>
    <ClCompile Include="ECCpu.cpp">
      <Filter>ecCPU</Filter>
    </ClCompile>
    <ClCompile Include="ECCpu_Utils.cpp">
      <Filter>ecUtility</Filter>
    </ClCompile>
  </ItemGroup>
  <ItemGroup>
    <None Include="settings.ini" />
  </ItemGroup>
</Project>